
Microsoft Visual Studio Solution File, Format Version 12.00
# Visual Studio Version 16
VisualStudioVersion = 16.0.30320.27
MinimumVisualStudioVersion = 10.0.40219.1
Project("{FAE04EC0-301F-11D3-BF4B-00C04F79EFBC}") = "SKOL_API", "SKOL_API\SKOL_API.csproj", "{EDF9C2F0-BB92-4304-92D4-665BC7D62D41}"
EndProject
Project("{FAE04EC0-301F-11D3-BF4B-00C04F79EFBC}") = "SKOL.Data", "SKOL.Data\SKOL.Data.csproj", "{8DA76E4C-9377-411C-B7F3-C2878967D947}"
EndProject
Project("{FAE04EC0-301F-11D3-BF4B-00C04F79EFBC}") = "SKOL.Models", "SKOL.Models\SKOL.Models.csproj", "{CDF5511B-F9CF-4866-B8D3-B9A9F0791193}"
EndProject
Project("{FAE04EC0-301F-11D3-BF4B-00C04F79EFBC}") = "SKOL.Service", "SKOL.Service\SKOL.Service.csproj", "{C4734FAC-74CF-480A-BB42-0CE8F84A2581}"
EndProject
Global
	GlobalSection(SolutionConfigurationPlatforms) = preSolution
		Debug|Any CPU = Debug|Any CPU
		Release|Any CPU = Release|Any CPU
	EndGlobalSection
	GlobalSection(ProjectConfigurationPlatforms) = postSolution
		{EDF9C2F0-BB92-4304-92D4-665BC7D62D41}.Debug|Any CPU.ActiveCfg = Debug|Any CPU
		{EDF9C2F0-BB92-4304-92D4-665BC7D62D41}.Debug|Any CPU.Build.0 = Debug|Any CPU
		{EDF9C2F0-BB92-4304-92D4-665BC7D62D41}.Release|Any CPU.ActiveCfg = Release|Any CPU
		{EDF9C2F0-BB92-4304-92D4-665BC7D62D41}.Release|Any CPU.Build.0 = Release|Any CPU
		{8DA76E4C-9377-411C-B7F3-C2878967D947}.Debug|Any CPU.ActiveCfg = Debug|Any CPU
		{8DA76E4C-9377-411C-B7F3-C2878967D947}.Debug|Any CPU.Build.0 = Debug|Any CPU
		{8DA76E4C-9377-411C-B7F3-C2878967D947}.Release|Any CPU.ActiveCfg = Release|Any CPU
		{8DA76E4C-9377-411C-B7F3-C2878967D947}.Release|Any CPU.Build.0 = Release|Any CPU
		{CDF5511B-F9CF-4866-B8D3-B9A9F0791193}.Debug|Any CPU.ActiveCfg = Debug|Any CPU
		{CDF5511B-F9CF-4866-B8D3-B9A9F0791193}.Debug|Any CPU.Build.0 = Debug|Any CPU
		{CDF5511B-F9CF-4866-B8D3-B9A9F0791193}.Release|Any CPU.ActiveCfg = Release|Any CPU
		{CDF5511B-F9CF-4866-B8D3-B9A9F0791193}.Release|Any CPU.Build.0 = Release|Any CPU
		{C4734FAC-74CF-480A-BB42-0CE8F84A2581}.Debug|Any CPU.ActiveCfg = Debug|Any CPU
		{C4734FAC-74CF-480A-BB42-0CE8F84A2581}.Debug|Any CPU.Build.0 = Debug|Any CPU
		{C4734FAC-74CF-480A-BB42-0CE8F84A2581}.Release|Any CPU.ActiveCfg = Release|Any CPU
		{C4734FAC-74CF-480A-BB42-0CE8F84A2581}.Release|Any CPU.Build.0 = Release|Any CPU
	EndGlobalSection
	GlobalSection(SolutionProperties) = preSolution
		HideSolutionNode = FALSE
	EndGlobalSection
	GlobalSection(ExtensibilityGlobals) = postSolution
		SolutionGuid = {99C1374E-5B27-486C-986D-C443AA7C8AB6}
	EndGlobalSection
EndGlobal
